
Microsoft Visual Studio Solution File, Format Version 12.00
# Visual Studio Version 16
VisualStudioVersion = 16.0.30413.136
MinimumVisualStudioVersion = 10.0.40219.1
Project("{8BC9CEB8-8B4A-11D0-8D11-00A0C91BC942}") = "Dats_smo_kurs", "Dats_smo_kurs.vcxproj", "{2097E06D-F9CD-3ACB-8059-814DEB8B8C7E}"
EndProject
Global
	GlobalSection(SolutionConfigurationPlatforms) = preSolution
		Debug|x64 = Debug|x64
		Release|x64 = Release|x64
	EndGlobalSection
	GlobalSection(ProjectConfigurationPlatforms) = postSolution
		{2097E06D-F9CD-3ACB-8059-814DEB8B8C7E}.Debug|x64.ActiveCfg = Debug|x64
		{2097E06D-F9CD-3ACB-8059-814DEB8B8C7E}.Debug|x64.Build.0 = Debug|x64
		{2097E06D-F9CD-3ACB-8059-814DEB8B8C7E}.Release|x64.ActiveCfg = Release|x64
		{2097E06D-F9CD-3ACB-8059-814DEB8B8C7E}.Release|x64.Build.0 = Release|x64
	EndGlobalSection
	GlobalSection(SolutionProperties) = preSolution
		HideSolutionNode = FALSE
	EndGlobalSection
	GlobalSection(ExtensibilityGlobals) = postSolution
		SolutionGuid = {BBA7F36B-6DAD-4988-99E1-0AFBFAC2EED2}
	EndGlobalSection
EndGlobal
